
Microsoft Visual Studio Solution File, Format Version 12.00
# Visual Studio Version 16
VisualStudioVersion = 16.0.29613.14
MinimumVisualStudioVersion = 10.0.40219.1
Project("{FAE04EC0-301F-11D3-BF4B-00C04F79EFBC}") = "PhotographyOverlayAttempt2.Android", "PhotographyOverlayAttempt2\PhotographyOverlayAttempt2.Android\PhotographyOverlayAttempt2.Android.csproj", "{71BB2504-A409-4DBE-9C9A-23F7818D7865}"
EndProject
Project("{FAE04EC0-301F-11D3-BF4B-00C04F79EFBC}") = "PhotographyOverlayAttempt2", "PhotographyOverlayAttempt2\PhotographyOverlayAttempt2\PhotographyOverlayAttempt2.csproj", "{832490BF-52A7-4A38-8161-1E680CE470B4}"
EndProject
Global
	GlobalSection(SolutionConfigurationPlatforms) = preSolution
		Debug|Any CPU = Debug|Any CPU
		Release|Any CPU = Release|Any CPU
	EndGlobalSection
	GlobalSection(ProjectConfigurationPlatforms) = postSolution
		{71BB2504-A409-4DBE-9C9A-23F7818D7865}.Debug|Any CPU.ActiveCfg = Debug|Any CPU
		{71BB2504-A409-4DBE-9C9A-23F7818D7865}.Debug|Any CPU.Build.0 = Debug|Any CPU
		{71BB2504-A409-4DBE-9C9A-23F7818D7865}.Debug|Any CPU.Deploy.0 = Debug|Any CPU
		{71BB2504-A409-4DBE-9C9A-23F7818D7865}.Release|Any CPU.ActiveCfg = Release|Any CPU
		{71BB2504-A409-4DBE-9C9A-23F7818D7865}.Release|Any CPU.Build.0 = Release|Any CPU
		{71BB2504-A409-4DBE-9C9A-23F7818D7865}.Release|Any CPU.Deploy.0 = Release|Any CPU
		{832490BF-52A7-4A38-8161-1E680CE470B4}.Debug|Any CPU.ActiveCfg = Debug|Any CPU
		{832490BF-52A7-4A38-8161-1E680CE470B4}.Debug|Any CPU.Build.0 = Debug|Any CPU
		{832490BF-52A7-4A38-8161-1E680CE470B4}.Debug|Any CPU.Deploy.0 = Debug|Any CPU
		{832490BF-52A7-4A38-8161-1E680CE470B4}.Release|Any CPU.ActiveCfg = Release|Any CPU
		{832490BF-52A7-4A38-8161-1E680CE470B4}.Release|Any CPU.Build.0 = Release|Any CPU
		{832490BF-52A7-4A38-8161-1E680CE470B4}.Release|Any CPU.Deploy.0 = Release|Any CPU
	EndGlobalSection
	GlobalSection(SolutionProperties) = preSolution
		HideSolutionNode = FALSE
	EndGlobalSection
	GlobalSection(ExtensibilityGlobals) = postSolution
		SolutionGuid = {B0000779-9AE7-47F4-98AC-CC8D552C40FC}
	EndGlobalSection
EndGlobal
